
Microsoft Visual Studio Solution File, Format Version 12.00
# Visual Studio 15
Project("{FAE04EC0-301F-11D3-BF4B-00C04F79EFBC}") = "POSMidterm", "POSMidterm\POSMidterm.csproj", "{873AAFE6-F392-4FD9-A69B-0E0464D86BFF}"
EndProject
Global
	GlobalSection(SolutionConfigurationPlatforms) = preSolution
		Debug|Any CPU = Debug|Any CPU
		Release|Any CPU = Release|Any CPU
	EndGlobalSection
	GlobalSection(ProjectConfigurationPlatforms) = postSolution
		{873AAFE6-F392-4FD9-A69B-0E0464D86BFF}.Debug|Any CPU.ActiveCfg = Debug|Any CPU
		{873AAFE6-F392-4FD9-A69B-0E0464D86BFF}.Debug|Any CPU.Build.0 = Debug|Any CPU
		{873AAFE6-F392-4FD9-A69B-0E0464D86BFF}.Release|Any CPU.ActiveCfg = Release|Any CPU
		{873AAFE6-F392-4FD9-A69B-0E0464D86BFF}.Release|Any CPU.Build.0 = Release|Any CPU
	EndGlobalSection
EndGlobal
